
Microsoft Visual Studio Solution File, Format Version 12.00
# Visual Studio Version 16
VisualStudioVersion = 16.0.30011.22
MinimumVisualStudioVersion = 10.0.40219.1
Project("{9A19103F-16F7-4668-BE54-9A1E7A4F7556}") = "variables", "variables\variables.csproj", "{B1879197-67CB-4625-85F7-C9DAFE849D94}"
EndProject
Project("{9A19103F-16F7-4668-BE54-9A1E7A4F7556}") = "Methods", "Methods\Methods.csproj", "{C48F8947-52DA-4AFD-9CF4-04C2309F3544}"
EndProject
Project("{9A19103F-16F7-4668-BE54-9A1E7A4F7556}") = "arrays", "arrays\arrays.csproj", "{1202D173-F9E6-4C6F-A2FB-10AAD4B53521}"
EndProject
Project("{9A19103F-16F7-4668-BE54-9A1E7A4F7556}") = "strings", "strings\strings.csproj", "{EF180AB9-D8D7-46FD-B433-D709C0E2F8F5}"
EndProject
Project("{9A19103F-16F7-4668-BE54-9A1E7A4F7556}") = "classes", "classes\classes\classes.csproj", "{7C1D96A3-F3B2-4A48-9CB8-0B6989ED73A4}"
EndProject
Project("{FAE04EC0-301F-11D3-BF4B-00C04F79EFBC}") = "DamaDesk", "DamaDesk\DamaDesk.csproj", "{AFB5883D-DAE4-4D4D-B9AA-C98A55CB2FDC}"
EndProject
Global
	GlobalSection(SolutionConfigurationPlatforms) = preSolution
		Debug|Any CPU = Debug|Any CPU
		Release|Any CPU = Release|Any CPU
	EndGlobalSection
	GlobalSection(ProjectConfigurationPlatforms) = postSolution
		{B1879197-67CB-4625-85F7-C9DAFE849D94}.Debug|Any CPU.ActiveCfg = Debug|Any CPU
		{B1879197-67CB-4625-85F7-C9DAFE849D94}.Debug|Any CPU.Build.0 = Debug|Any CPU
		{B1879197-67CB-4625-85F7-C9DAFE849D94}.Release|Any CPU.ActiveCfg = Release|Any CPU
		{B1879197-67CB-4625-85F7-C9DAFE849D94}.Release|Any CPU.Build.0 = Release|Any CPU
		{C48F8947-52DA-4AFD-9CF4-04C2309F3544}.Debug|Any CPU.ActiveCfg = Debug|Any CPU
		{C48F8947-52DA-4AFD-9CF4-04C2309F3544}.Debug|Any CPU.Build.0 = Debug|Any CPU
		{C48F8947-52DA-4AFD-9CF4-04C2309F3544}.Release|Any CPU.ActiveCfg = Release|Any CPU
		{C48F8947-52DA-4AFD-9CF4-04C2309F3544}.Release|Any CPU.Build.0 = Release|Any CPU
		{1202D173-F9E6-4C6F-A2FB-10AAD4B53521}.Debug|Any CPU.ActiveCfg = Debug|Any CPU
		{1202D173-F9E6-4C6F-A2FB-10AAD4B53521}.Debug|Any CPU.Build.0 = Debug|Any CPU
		{1202D173-F9E6-4C6F-A2FB-10AAD4B53521}.Release|Any CPU.ActiveCfg = Release|Any CPU
		{1202D173-F9E6-4C6F-A2FB-10AAD4B53521}.Release|Any CPU.Build.0 = Release|Any CPU
		{EF180AB9-D8D7-46FD-B433-D709C0E2F8F5}.Debug|Any CPU.ActiveCfg = Debug|Any CPU
		{EF180AB9-D8D7-46FD-B433-D709C0E2F8F5}.Debug|Any CPU.Build.0 = Debug|Any CPU
		{EF180AB9-D8D7-46FD-B433-D709C0E2F8F5}.Release|Any CPU.ActiveCfg = Release|Any CPU
		{EF180AB9-D8D7-46FD-B433-D709C0E2F8F5}.Release|Any CPU.Build.0 = Release|Any CPU
		{7C1D96A3-F3B2-4A48-9CB8-0B6989ED73A4}.Debug|Any CPU.ActiveCfg = Debug|Any CPU
		{7C1D96A3-F3B2-4A48-9CB8-0B6989ED73A4}.Debug|Any CPU.Build.0 = Debug|Any CPU
		{7C1D96A3-F3B2-4A48-9CB8-0B6989ED73A4}.Release|Any CPU.ActiveCfg = Release|Any CPU
		{7C1D96A3-F3B2-4A48-9CB8-0B6989ED73A4}.Release|Any CPU.Build.0 = Release|Any CPU
		{AFB5883D-DAE4-4D4D-B9AA-C98A55CB2FDC}.Debug|Any CPU.ActiveCfg = Debug|Any CPU
		{AFB5883D-DAE4-4D4D-B9AA-C98A55CB2FDC}.Debug|Any CPU.Build.0 = Debug|Any CPU
		{AFB5883D-DAE4-4D4D-B9AA-C98A55CB2FDC}.Release|Any CPU.ActiveCfg = Release|Any CPU
		{AFB5883D-DAE4-4D4D-B9AA-C98A55CB2FDC}.Release|Any CPU.Build.0 = Release|Any CPU
	EndGlobalSection
	GlobalSection(SolutionProperties) = preSolution
		HideSolutionNode = FALSE
	EndGlobalSection
	GlobalSection(ExtensibilityGlobals) = postSolution
		SolutionGuid = {DA919A48-4E9C-480F-BF4B-ED80E61C3533}
	EndGlobalSection
EndGlobal
